// !$*UTF8*$!
{
	archiveVersion = 1;
	classes = {
	};
	objectVersion = 50;
	objects = {

/* Begin PBXBuildFile section */
		99691E1D24886783005B32DA /* AppDelegate.swift in Sources */ = {isa = PBXBuildFile; fileRef = 99691E1C24886783005B32DA /* AppDelegate.swift */; };
		99691E1F24886783005B32DA /* SceneDelegate.swift in Sources */ = {isa = PBXBuildFile; fileRef = 99691E1E24886783005B32DA /* SceneDelegate.swift */; };
		99691E2124886783005B32DA /* ContentView.swift in Sources */ = {isa = PBXBuildFile; fileRef = 99691E2024886783005B32DA /* ContentView.swift */; };
		99691E2324886785005B32DA /* Assets.xcassets in Resources */ = {isa = PBXBuildFile; fileRef = 99691E2224886785005B32DA /* Assets.xcassets */; };
		99691E2624886785005B32DA /* Preview Assets.xcassets in Resources */ = {isa = PBXBuildFile; fileRef = 99691E2524886785005B32DA /* Preview Assets.xcassets */; };
		99691E2924886785005B32DA /* LaunchScreen.storyboard in Resources */ = {isa = PBXBuildFile; fileRef = 99691E2724886785005B32DA /* LaunchScreen.storyboard */; };
		99A175D4261633EC001E9D51 /* Shapes.swift in Sources */ = {isa = PBXBuildFile; fileRef = 99A175D3261633EC001E9D51 /* Shapes.swift */; };
		99A175D826163881001E9D51 /* RoundedViews.swift in Sources */ = {isa = PBXBuildFile; fileRef = 99A175D726163881001E9D51 /* RoundedViews.swift */; };
		99A175DE26163E67001E9D51 /* BackgroundView.swift in Sources */ = {isa = PBXBuildFile; fileRef = 99A175DD26163E67001E9D51 /* BackgroundView.swift */; };
		99B7F284261513A4009EF2A4 /* TextViews.swift in Sources */ = {isa = PBXBuildFile; fileRef = 99B7F283261513A4009EF2A4 /* TextViews.swift */; };
		99BD9CA226139AEA004BF622 /* AboutView.swift in Sources */ = {isa = PBXBuildFile; fileRef = 99BD9CA126139AEA004BF622 /* AboutView.swift */; };
		99BD9CAD2613D17F004BF622 /* Game.swift in Sources */ = {isa = PBXBuildFile; fileRef = 99BD9CAC2613D17F004BF622 /* Game.swift */; };
		99BD9CB62613D92C004BF622 /* BullseyeTests.swift in Sources */ = {isa = PBXBuildFile; fileRef = 99BD9CB52613D92C004BF622 /* BullseyeTests.swift */; };
/* End PBXBuildFile section */

/* Begin PBXContainerItemProxy section */
		99BD9CB82613D92C004BF622 /* PBXContainerItemProxy */ = {
			isa = PBXContainerItemProxy;
			containerPortal = 99691E1124886783005B32DA /* Project object */;
			proxyType = 1;
			remoteGlobalIDString = 99691E1824886783005B32DA;
			remoteInfo = Bullseye;
		};
/* End PBXContainerItemProxy section */

/* Begin PBXFileReference section */
		99691E1924886783005B32DA /* Bullseye.app */ = {isa = PBXFileReference; explicitFileType = wrapper.application; includeInIndex = 0; path = Bullseye.app; sourceTree = BUILT_PRODUCTS_DIR; };
		99691E1C24886783005B32DA /* AppDelegate.swift */ = {isa = PBXFileReference; lastKnownFileType = sourcecode.swift; path = AppDelegate.swift; sourceTree = "<group>"; };
		99691E1E24886783005B32DA /* SceneDelegate.swift */ = {isa = PBXFileReference; lastKnownFileType = sourcecode.swift; path = SceneDelegate.swift; sourceTree = "<group>"; };
		99691E2024886783005B32DA /* ContentView.swift */ = {isa = PBXFileReference; lastKnownFileType = sourcecode.swift; path = ContentView.swift; sourceTree = "<group>"; };
		99691E2224886785005B32DA /* Assets.xcassets */ = {isa = PBXFileReference; lastKnownFileType = folder.assetcatalog; path = Assets.xcassets; sourceTree = "<group>"; };
		99691E2524886785005B32DA /* Preview Assets.xcassets */ = {isa = PBXFileReference; lastKnownFileType = folder.assetcatalog; path = "Preview Assets.xcassets"; sourceTree = "<group>"; };
		99691E2824886785005B32DA /* Base */ = {isa = PBXFileReference; lastKnownFileType = file.storyboard; name = Base; path = Base.lproj/LaunchScreen.storyboard; sourceTree = "<group>"; };
		99691E2A24886785005B32DA /* Info.plist */ = {isa = PBXFileReference; lastKnownFileType = text.plist.xml; path = Info.plist; sourceTree = "<group>"; };
		99A175D3261633EC001E9D51 /* Shapes.swift */ = {isa = PBXFileReference; lastKnownFileType = sourcecode.swift; path = Shapes.swift; sourceTree = "<group>"; };
		99A175D726163881001E9D51 /* RoundedViews.swift */ = {isa = PBXFileReference; lastKnownFileType = sourcecode.swift; path = RoundedViews.swift; sourceTree = "<group>"; };
		99A175DD26163E67001E9D51 /* BackgroundView.swift */ = {isa = PBXFileReference; lastKnownFileType = sourcecode.swift; path = BackgroundView.swift; sourceTree = "<group>"; };
		99B7F283261513A4009EF2A4 /* TextViews.swift */ = {isa = PBXFileReference; lastKnownFileType = sourcecode.swift; path = TextViews.swift; sourceTree = "<group>"; };
		99BD9CA126139AEA004BF622 /* AboutView.swift */ = {isa = PBXFileReference; lastKnownFileType = sourcecode.swift; path = AboutView.swift; sourceTree = "<group>"; };
		99BD9CAC2613D17F004BF622 /* Game.swift */ = {isa = PBXFileReference; lastKnownFileType = sourcecode.swift; path = Game.swift; sourceTree = "<group>"; };
		99BD9CB32613D92C004BF622 /* BullseyeTests.xctest */ = {isa = PBXFileReference; explicitFileType = wrapper.cfbundle; includeInIndex = 0; path = BullseyeTests.xctest; sourceTree = BUILT_PRODUCTS_DIR; };
		99BD9CB52613D92C004BF622 /* BullseyeTests.swift */ = {isa = PBXFileReference; lastKnownFileType = sourcecode.swift; path = BullseyeTests.swift; sourceTree = "<group>"; };
		99BD9CB72613D92C004BF622 /* Info.plist */ = {isa = PBXFileReference; lastKnownFileType = text.plist.xml; path = Info.plist; sourceTree = "<group>"; };
/* End PBXFileReference section */

/* Begin PBXFrameworksBuildPhase section */
		99691E1624886783005B32DA /* Frameworks */ = {
			isa = PBXFrameworksBuildPhase;
			buildActionMask = 2147483647;
			files = (
			);
			runOnlyForDeploymentPostprocessing = 0;
		};
		99BD9CB02613D92C004BF622 /* Frameworks */ = {
			isa = PBXFrameworksBuildPhase;
			buildActionMask = 2147483647;
			files = (
			);
			runOnlyForDeploymentPostprocessing = 0;
		};
/* End PBXFrameworksBuildPhase section */

/* Begin PBXGroup section */
		99691E1024886783005B32DA = {
			isa = PBXGroup;
			children = (
				99691E1B24886783005B32DA /* Bullseye */,
				99BD9CB42613D92C004BF622 /* BullseyeTests */,
				99691E1A24886783005B32DA /* Products */,
			);
			sourceTree = "<group>";
		};
		99691E1A24886783005B32DA /* Products */ = {
			isa = PBXGroup;
			children = (
				99691E1924886783005B32DA /* Bullseye.app */,
				99BD9CB32613D92C004BF622 /* BullseyeTests.xctest */,
			);
			name = Products;
			sourceTree = "<group>";
		};
		99691E1B24886783005B32DA /* Bullseye */ = {
			isa = PBXGroup;
			children = (
				99BD9CA92613D0DD004BF622 /* App */,
				99BD9CA82613D0CB004BF622 /* Views */,
				99BD9CA72613D0B6004BF622 /* Models */,
				99691E2724886785005B32DA /* LaunchScreen.storyboard */,
				99691E2424886785005B32DA /* Preview Content */,
			);
			path = Bullseye;
			sourceTree = "<group>";
		};
		99691E2424886785005B32DA /* Preview Content */ = {
			isa = PBXGroup;
			children = (
				99691E2524886785005B32DA /* Preview Assets.xcassets */,
			);
			path = "Preview Content";
			sourceTree = "<group>";
		};
		99BD9CA72613D0B6004BF622 /* Models */ = {
			isa = PBXGroup;
			children = (
				99BD9CAC2613D17F004BF622 /* Game.swift */,
			);
			path = Models;
			sourceTree = "<group>";
		};
		99BD9CA82613D0CB004BF622 /* Views */ = {
			isa = PBXGroup;
			children = (
				99691E2024886783005B32DA /* ContentView.swift */,
				99BD9CA126139AEA004BF622 /* AboutView.swift */,
				99B7F283261513A4009EF2A4 /* TextViews.swift */,
				99A175D3261633EC001E9D51 /* Shapes.swift */,
				99A175D726163881001E9D51 /* RoundedViews.swift */,
				99A175DD26163E67001E9D51 /* BackgroundView.swift */,
			);
			path = Views;
			sourceTree = "<group>";
		};
		99BD9CA92613D0DD004BF622 /* App */ = {
			isa = PBXGroup;
			children = (
				99691E1C24886783005B32DA /* AppDelegate.swift */,
				99691E1E24886783005B32DA /* SceneDelegate.swift */,
				99691E2224886785005B32DA /* Assets.xcassets */,
				99691E2A24886785005B32DA /* Info.plist */,
			);
			path = App;
			sourceTree = "<group>";
		};
		99BD9CB42613D92C004BF622 /* BullseyeTests */ = {
			isa = PBXGroup;
			children = (
				99BD9CB52613D92C004BF622 /* BullseyeTests.swift */,
				99BD9CB72613D92C004BF622 /* Info.plist */,
			);
			path = BullseyeTests;
			sourceTree = "<group>";
		};
/* End PBXGroup section */

/* Begin PBXNativeTarget section */
		99691E1824886783005B32DA /* Bullseye */ = {
			isa = PBXNativeTarget;
			buildConfigurationList = 99691E2D24886785005B32DA /* Build configuration list for PBXNativeTarget "Bullseye" */;
			buildPhases = (
				99691E1524886783005B32DA /* Sources */,
				99691E1624886783005B32DA /* Frameworks */,
				99691E1724886783005B32DA /* Resources */,
			);
			buildRules = (
			);
			dependencies = (
			);
			name = Bullseye;
			productName = Bullseye;
			productReference = 99691E1924886783005B32DA /* Bullseye.app */;
			productType = "com.apple.product-type.application";
		};
		99BD9CB22613D92C004BF622 /* BullseyeTests */ = {
			isa = PBXNativeTarget;
			buildConfigurationList = 99BD9CBA2613D92C004BF622 /* Build configuration list for PBXNativeTarget "BullseyeTests" */;
			buildPhases = (
				99BD9CAF2613D92C004BF622 /* Sources */,
				99BD9CB02613D92C004BF622 /* Frameworks */,
				99BD9CB12613D92C004BF622 /* Resources */,
			);
			buildRules = (
			);
			dependencies = (
				99BD9CB92613D92C004BF622 /* PBXTargetDependency */,
			);
			name = BullseyeTests;
			productName = BullseyeTests;
			productReference = 99BD9CB32613D92C004BF622 /* BullseyeTests.xctest */;
			productType = "com.apple.product-type.bundle.unit-test";
		};
/* End PBXNativeTarget section */

/* Begin PBXProject section */
		99691E1124886783005B32DA /* Project object */ = {
			isa = PBXProject;
			attributes = {
				LastSwiftUpdateCheck = 1240;
				LastUpgradeCheck = 1240;
				ORGANIZATIONNAME = "Adam Garrett-Harris";
				TargetAttributes = {
					99691E1824886783005B32DA = {
						CreatedOnToolsVersion = 11.5;
					};
					99BD9CB22613D92C004BF622 = {
						CreatedOnToolsVersion = 12.4;
						TestTargetID = 99691E1824886783005B32DA;
					};
				};
			};
			buildConfigurationList = 99691E1424886783005B32DA /* Build configuration list for PBXProject "Bullseye" */;
			compatibilityVersion = "Xcode 9.3";
			developmentRegion = en;
			hasScannedForEncodings = 0;
			knownRegions = (
				en,
				Base,
			);
			mainGroup = 99691E1024886783005B32DA;
			productRefGroup = 99691E1A24886783005B32DA /* Products */;
			projectDirPath = "";
			projectRoot = "";
			targets = (
				99691E1824886783005B32DA /* Bullseye */,
				99BD9CB22613D92C004BF622 /* BullseyeTests */,
			);
		};
/* End PBXProject section */

/* Begin PBXResourcesBuildPhase section */
		99691E1724886783005B32DA /* Resources */ = {
			isa = PBXResourcesBuildPhase;
			buildActionMask = 2147483647;
			files = (
				99691E2924886785005B32DA /* LaunchScreen.storyboard in Resources */,
				99691E2624886785005B32DA /* Preview Assets.xcassets in Resources */,
				99691E2324886785005B32DA /* Assets.xcassets in Resources */,
			);
			runOnlyForDeploymentPostprocessing = 0;
		};
		99BD9CB12613D92C004BF622 /* Resources */ = {
			isa = PBXResourcesBuildPhase;
			buildActionMask = 2147483647;
			files = (
			);
			runOnlyForDeploymentPostprocessing = 0;
		};
/* End PBXResourcesBuildPhase section */

/* Begin PBXSourcesBuildPhase section */
		99691E1524886783005B32DA /* Sources */ = {
			isa = PBXSourcesBuildPhase;
			buildActionMask = 2147483647;
			files = (
				99A175DE26163E67001E9D51 /* BackgroundView.swift in Sources */,
				99A175D4261633EC001E9D51 /* Shapes.swift in Sources */,
				99A175D826163881001E9D51 /* RoundedViews.swift in Sources */,
				99BD9CA226139AEA004BF622 /* AboutView.swift in Sources */,
				99BD9CAD2613D17F004BF622 /* Game.swift in Sources */,
				99691E1D24886783005B32DA /* AppDelegate.swift in Sources */,
				99691E1F24886783005B32DA /* SceneDelegate.swift in Sources */,
				99691E2124886783005B32DA /* ContentView.swift in Sources */,
				99B7F284261513A4009EF2A4 /* TextViews.swift in Sources */,
			);
			runOnlyForDeploymentPostprocessing = 0;
		};
		99BD9CAF2613D92C004BF622 /* Sources */ = {
			isa = PBXSourcesBuildPhase;
			buildActionMask = 2147483647;
			files = (
				99BD9CB62613D92C004BF622 /* BullseyeTests.swift in Sources */,
			);
			runOnlyForDeploymentPostprocessing = 0;
		};
/* End PBXSourcesBuildPhase section */

/* Begin PBXTargetDependency section */
		99BD9CB92613D92C004BF622 /* PBXTargetDependency */ = {
			isa = PBXTargetDependency;
			target = 99691E1824886783005B32DA /* Bullseye */;
			targetProxy = 99BD9CB82613D92C004BF622 /* PBXContainerItemProxy */;
		};
/* End PBXTargetDependency section */

/* Begin PBXVariantGroup section */
		99691E2724886785005B32DA /* LaunchScreen.storyboard */ = {
			isa = PBXVariantGroup;
			children = (
				99691E2824886785005B32DA /* Base */,
			);
			name = LaunchScreen.storyboard;
			sourceTree = "<group>";
		};
/* End PBXVariantGroup section */

/* Begin XCBuildConfiguration section */
		99691E2B24886785005B32DA /* Debug */ = {
			isa = XCBuildConfiguration;
			buildSettings = {
				ALWAYS_SEARCH_USER_PATHS = NO;
				CLANG_ANALYZER_NONNULL = YES;
				CLANG_ANALYZER_NUMBER_OBJECT_CONVERSION = YES_AGGRESSIVE;
				CLANG_CXX_LANGUAGE_STANDARD = "gnu++14";
				CLANG_CXX_LIBRARY = "libc++";
				CLANG_ENABLE_MODULES = YES;
				CLANG_ENABLE_OBJC_ARC = YES;
				CLANG_ENABLE_OBJC_WEAK = YES;
				CLANG_WARN_BLOCK_CAPTURE_AUTORELEASING = YES;
				CLANG_WARN_BOOL_CONVERSION = YES;
				CLANG_WARN_COMMA = YES;
				CLANG_WARN_CONSTANT_CONVERSION = YES;
				CLANG_WARN_DEPRECATED_OBJC_IMPLEMENTATIONS = YES;
				CLANG_WARN_DIRECT_OBJC_ISA_USAGE = YES_ERROR;
				CLANG_WARN_DOCUMENTATION_COMMENTS = YES;
				CLANG_WARN_EMPTY_BODY = YES;
				CLANG_WARN_ENUM_CONVERSION = YES;
				CLANG_WARN_INFINITE_RECURSION = YES;
				CLANG_WARN_INT_CONVERSION = YES;
				CLANG_WARN_NON_LITERAL_NULL_CONVERSION = YES;
				CLANG_WARN_OBJC_IMPLICIT_RETAIN_SELF = YES;
				CLANG_WARN_OBJC_LITERAL_CONVERSION = YES;
				CLANG_WARN_OBJC_ROOT_CLASS = YES_ERROR;
				CLANG_WARN_QUOTED_INCLUDE_IN_FRAMEWORK_HEADER = YES;
				CLANG_WARN_RANGE_LOOP_ANALYSIS = YES;
				CLANG_WARN_STRICT_PROTOTYPES = YES;
				CLANG_WARN_SUSPICIOUS_MOVE = YES;
				CLANG_WARN_UNGUARDED_AVAILABILITY = YES_AGGRESSIVE;
				CLANG_WARN_UNREACHABLE_CODE = YES;
				CLANG_WARN__DUPLICATE_METHOD_MATCH = YES;
				COPY_PHASE_STRIP = NO;
				DEBUG_INFORMATION_FORMAT = dwarf;
				ENABLE_STRICT_OBJC_MSGSEND = YES;
				ENABLE_TESTABILITY = YES;
				GCC_C_LANGUAGE_STANDARD = gnu11;
				GCC_DYNAMIC_NO_PIC = NO;
				GCC_NO_COMMON_BLOCKS = YES;
				GCC_OPTIMIZATION_LEVEL = 0;
				GCC_PREPROCESSOR_DEFINITIONS = (
					"DEBUG=1",
					"$(inherited)",
				);
				GCC_WARN_64_TO_32_BIT_CONVERSION = YES;
				GCC_WARN_ABOUT_RETURN_TYPE = YES_ERROR;
				GCC_WARN_UNDECLARED_SELECTOR = YES;
				GCC_WARN_UNINITIALIZED_AUTOS = YES_AGGRESSIVE;
				GCC_WARN_UNUSED_FUNCTION = YES;
				GCC_WARN_UNUSED_VARIABLE = YES;
				IPHONEOS_DEPLOYMENT_TARGET = 13.5;
				MTL_ENABLE_DEBUG_INFO = INCLUDE_SOURCE;
				MTL_FAST_MATH = YES;
				ONLY_ACTIVE_ARCH = YES;
				SDKROOT = iphoneos;
				SWIFT_ACTIVE_COMPILATION_CONDITIONS = DEBUG;
				SWIFT_OPTIMIZATION_LEVEL = "-Onone";
			};
			name = Debug;
		};
		99691E2C24886785005B32DA /* Release */ = {
			isa = XCBuildConfiguration;
			buildSettings = {
				ALWAYS_SEARCH_USER_PATHS = NO;
				CLANG_ANALYZER_NONNULL = YES;
				CLANG_ANALYZER_NUMBER_OBJECT_CONVERSION = YES_AGGRESSIVE;
				CLANG_CXX_LANGUAGE_STANDARD = "gnu++14";
				CLANG_CXX_LIBRARY = "libc++";
				CLANG_ENABLE_MODULES = YES;
				CLANG_ENABLE_OBJC_ARC = YES;
				CLANG_ENABLE_OBJC_WEAK = YES;
				CLANG_WARN_BLOCK_CAPTURE_AUTORELEASING = YES;
				CLANG_WARN_BOOL_CONVERSION = YES;
				CLANG_WARN_COMMA = YES;
				CLANG_WARN_CONSTANT_CONVERSION = YES;
				CLANG_WARN_DEPRECATED_OBJC_IMPLEMENTATIONS = YES;
				CLANG_WARN_DIRECT_OBJC_ISA_USAGE = YES_ERROR;
				CLANG_WARN_DOCUMENTATION_COMMENTS = YES;
				CLANG_WARN_EMPTY_BODY = YES;
				CLANG_WARN_ENUM_CONVERSION = YES;
				CLANG_WARN_INFINITE_RECURSION = YES;
				CLANG_WARN_INT_CONVERSION = YES;
				CLANG_WARN_NON_LITERAL_NULL_CONVERSION = YES;
				CLANG_WARN_OBJC_IMPLICIT_RETAIN_SELF = YES;
				CLANG_WARN_OBJC_LITERAL_CONVERSION = YES;
				CLANG_WARN_OBJC_ROOT_CLASS = YES_ERROR;
				CLANG_WARN_QUOTED_INCLUDE_IN_FRAMEWORK_HEADER = YES;
				CLANG_WARN_RANGE_LOOP_ANALYSIS = YES;
				CLANG_WARN_STRICT_PROTOTYPES = YES;
				CLANG_WARN_SUSPICIOUS_MOVE = YES;
				CLANG_WARN_UNGUARDED_AVAILABILITY = YES_AGGRESSIVE;
				CLANG_WARN_UNREACHABLE_CODE = YES;
				CLANG_WARN__DUPLICATE_METHOD_MATCH = YES;
				COPY_PHASE_STRIP = NO;
				DEBUG_INFORMATION_FORMAT = "dwarf-with-dsym";
				ENABLE_NS_ASSERTIONS = NO;
				ENABLE_STRICT_OBJC_MSGSEND = YES;
				GCC_C_LANGUAGE_STANDARD = gnu11;
				GCC_NO_COMMON_BLOCKS = YES;
				GCC_WARN_64_TO_32_BIT_CONVERSION = YES;
				GCC_WARN_ABOUT_RETURN_TYPE = YES_ERROR;
				GCC_WARN_UNDECLARED_SELECTOR = YES;
				GCC_WARN_UNINITIALIZED_AUTOS = YES_AGGRESSIVE;
				GCC_WARN_UNUSED_FUNCTION = YES;
				GCC_WARN_UNUSED_VARIABLE = YES;
				IPHONEOS_DEPLOYMENT_TARGET = 13.5;
				MTL_ENABLE_DEBUG_INFO = NO;
				MTL_FAST_MATH = YES;
				SDKROOT = iphoneos;
				SWIFT_COMPILATION_MODE = wholemodule;
				SWIFT_OPTIMIZATION_LEVEL = "-O";
				VALIDATE_PRODUCT = YES;
			};
			name = Release;
		};
		99691E2E24886785005B32DA /* Debug */ = {
			isa = XCBuildConfiguration;
			buildSettings = {
				ASSETCATALOG_COMPILER_APPICON_NAME = AppIcon;
				CODE_SIGN_STYLE = Automatic;
				DEVELOPMENT_ASSET_PATHS = "\"Bullseye/Preview Content\"";
				DEVELOPMENT_TEAM = 47C966XSTJ;
				ENABLE_PREVIEWS = YES;
				INFOPLIST_FILE = Bullseye/App/Info.plist;
				IPHONEOS_DEPLOYMENT_TARGET = 13.3;
				LD_RUNPATH_SEARCH_PATHS = (
					"$(inherited)",
					"@executable_path/Frameworks",
				);
				PRODUCT_BUNDLE_IDENTIFIER = "com.garrett-harris.adam.Bullseye";
				PRODUCT_NAME = "$(TARGET_NAME)";
				SWIFT_VERSION = 5.0;
				TARGETED_DEVICE_FAMILY = "1,2";
			};
			name = Debug;
		};
		99691E2F24886785005B32DA /* Release */ = {
			isa = XCBuildConfiguration;
			buildSettings = {
				ASSETCATALOG_COMPILER_APPICON_NAME = AppIcon;
				CODE_SIGN_STYLE = Automatic;
				DEVELOPMENT_ASSET_PATHS = "\"Bullseye/Preview Content\"";
				DEVELOPMENT_TEAM = 47C966XSTJ;
				ENABLE_PREVIEWS = YES;
				INFOPLIST_FILE = Bullseye/App/Info.plist;
				IPHONEOS_DEPLOYMENT_TARGET = 13.3;
				LD_RUNPATH_SEARCH_PATHS = (
					"$(inherited)",
					"@executable_path/Frameworks",
				);
				PRODUCT_BUNDLE_IDENTIFIER = "com.garrett-harris.adam.Bullseye";
				PRODUCT_NAME = "$(TARGET_NAME)";
				SWIFT_VERSION = 5.0;
				TARGETED_DEVICE_FAMILY = "1,2";
			};
			name = Release;
		};
		99BD9CBB2613D92C004BF622 /* Debug */ = {
			isa = XCBuildConfiguration;
			buildSettings = {
				BUNDLE_LOADER = "$(TEST_HOST)";
				CODE_SIGN_STYLE = Automatic;
				INFOPLIST_FILE = BullseyeTests/Info.plist;
				IPHONEOS_DEPLOYMENT_TARGET = 14.4;
				LD_RUNPATH_SEARCH_PATHS = (
					"$(inherited)",
					"@executable_path/Frameworks",
					"@loader_path/Frameworks",
				);
				PRODUCT_BUNDLE_IDENTIFIER = "com.garrett-harris.adam.BullseyeTests";
				PRODUCT_NAME = "$(TARGET_NAME)";
				SWIFT_VERSION = 5.0;
				TARGETED_DEVICE_FAMILY = "1,2";
				TEST_HOST = "$(BUILT_PRODUCTS_DIR)/Bullseye.app/Bullseye";
			};
			name = Debug;
		};
		99BD9CBC2613D92C004BF622 /* Release */ = {
			isa = XCBuildConfiguration;
			buildSettings = {
				BUNDLE_LOADER = "$(TEST_HOST)";
				CODE_SIGN_STYLE = Automatic;
				INFOPLIST_FILE = BullseyeTests/Info.plist;
				IPHONEOS_DEPLOYMENT_TARGET = 14.4;
				LD_RUNPATH_SEARCH_PATHS = (
					"$(inherited)",
					"@executable_path/Frameworks",
					"@loader_path/Frameworks",
				);
				PRODUCT_BUNDLE_IDENTIFIER = "com.garrett-harris.adam.BullseyeTests";
				PRODUCT_NAME = "$(TARGET_NAME)";
				SWIFT_VERSION = 5.0;
				TARGETED_DEVICE_FAMILY = "1,2";
				TEST_HOST = "$(BUILT_PRODUCTS_DIR)/Bullseye.app/Bullseye";
			};
			name = Release;
		};
/* End XCBuildConfiguration section */

/* Begin XCConfigurationList section */
		99691E1424886783005B32DA /* Build configuration list for PBXProject "Bullseye" */ = {
			isa = XCConfigurationList;
			buildConfigurations = (
				99691E2B24886785005B32DA /* Debug */,
				99691E2C24886785005B32DA /* Release */,
			);
			defaultConfigurationIsVisible = 0;
			defaultConfigurationName = Release;
		};
		99691E2D24886785005B32DA /* Build configuration list for PBXNativeTarget "Bullseye" */ = {
			isa = XCConfigurationList;
			buildConfigurations = (
				99691E2E24886785005B32DA /* Debug */,
				99691E2F24886785005B32DA /* Release */,
			);
			defaultConfigurationIsVisible = 0;
			defaultConfigurationName = Release;
		};
		99BD9CBA2613D92C004BF622 /* Build configuration list for PBXNativeTarget "BullseyeTests" */ = {
			isa = XCConfigurationList;
			buildConfigurations = (
				99BD9CBB2613D92C004BF622 /* Debug */,
				99BD9CBC2613D92C004BF622 /* Release */,
			);
			defaultConfigurationIsVisible = 0;
			defaultConfigurationName = Release;
		};
/* End XCConfigurationList section */
	};
	rootObject = 99691E1124886783005B32DA /* Project object */;
}
